// !$*UTF8*$!
{
	archiveVersion = 1;
	classes = {
	};
	objectVersion = 46;
	objects = {

/* Begin PBXBuildFile section */
		F4A39DF3180391DA00ABBB30 /* Foundation.framework in Frameworks */ = {isa = PBXBuildFile; fileRef = F4A39DF2180391DA00ABBB30 /* Foundation.framework */; };
		F4A39DF5180391DA00ABBB30 /* CoreGraphics.framework in Frameworks */ = {isa = PBXBuildFile; fileRef = F4A39DF4180391DA00ABBB30 /* CoreGraphics.framework */; };
		F4A39DF7180391DA00ABBB30 /* UIKit.framework in Frameworks */ = {isa = PBXBuildFile; fileRef = F4A39DF6180391DA00ABBB30 /* UIKit.framework */; };
		F4A39DFD180391DA00ABBB30 /* InfoPlist.strings in Resources */ = {isa = PBXBuildFile; fileRef = F4A39DFB180391DA00ABBB30 /* InfoPlist.strings */; };
		F4A39DFF180391DA00ABBB30 /* main.m in Sources */ = {isa = PBXBuildFile; fileRef = F4A39DFE180391DA00ABBB30 /* main.m */; };
		F4A39E03180391DA00ABBB30 /* AppDelegate.m in Sources */ = {isa = PBXBuildFile; fileRef = F4A39E02180391DA00ABBB30 /* AppDelegate.m */; };
		F4A39E06180391DA00ABBB30 /* Main.storyboard in Resources */ = {isa = PBXBuildFile; fileRef = F4A39E04180391DA00ABBB30 /* Main.storyboard */; };
		F4A39E09180391DA00ABBB30 /* ViewController.m in Sources */ = {isa = PBXBuildFile; fileRef = F4A39E08180391DA00ABBB30 /* ViewController.m */; };
		F4A39E0B180391DA00ABBB30 /* Images.xcassets in Resources */ = {isa = PBXBuildFile; fileRef = F4A39E0A180391DA00ABBB30 /* Images.xcassets */; };
		F4A39E12180391DA00ABBB30 /* XCTest.framework in Frameworks */ = {isa = PBXBuildFile; fileRef = F4A39E11180391DA00ABBB30 /* XCTest.framework */; };
		F4A39E13180391DA00ABBB30 /* Foundation.framework in Frameworks */ = {isa = PBXBuildFile; fileRef = F4A39DF2180391DA00ABBB30 /* Foundation.framework */; };
		F4A39E14180391DA00ABBB30 /* UIKit.framework in Frameworks */ = {isa = PBXBuildFile; fileRef = F4A39DF6180391DA00ABBB30 /* UIKit.framework */; };
		F4A39E1C180391DA00ABBB30 /* InfoPlist.strings in Resources */ = {isa = PBXBuildFile; fileRef = F4A39E1A180391DA00ABBB30 /* InfoPlist.strings */; };
		F4A39E1E180391DA00ABBB30 /* StoryboardScrollViewTestTests.m in Sources */ = {isa = PBXBuildFile; fileRef = F4A39E1D180391DA00ABBB30 /* StoryboardScrollViewTestTests.m */; };
/* End PBXBuildFile section */

/* Begin PBXContainerItemProxy section */
		F4A39E15180391DA00ABBB30 /* PBXContainerItemProxy */ = {
			isa = PBXContainerItemProxy;
			containerPortal = F4A39DE7180391DA00ABBB30 /* Project object */;
			proxyType = 1;
			remoteGlobalIDString = F4A39DEE180391DA00ABBB30;
			remoteInfo = StoryboardScrollViewTest;
		};
/* End PBXContainerItemProxy section */

/* Begin PBXFileReference section */
		F4A39DEF180391DA00ABBB30 /* StoryboardScrollViewTest.app */ = {isa = PBXFileReference; explicitFileType = wrapper.application; includeInIndex = 0; path = StoryboardScrollViewTest.app; sourceTree = BUILT_PRODUCTS_DIR; };
		F4A39DF2180391DA00ABBB30 /* Foundation.framework */ = {isa = PBXFileReference; lastKnownFileType = wrapper.framework; name = Foundation.framework; path = System/Library/Frameworks/Foundation.framework; sourceTree = SDKROOT; };
		F4A39DF4180391DA00ABBB30 /* CoreGraphics.framework */ = {isa = PBXFileReference; lastKnownFileType = wrapper.framework; name = CoreGraphics.framework; path = System/Library/Frameworks/CoreGraphics.framework; sourceTree = SDKROOT; };
		F4A39DF6180391DA00ABBB30 /* UIKit.framework */ = {isa = PBXFileReference; lastKnownFileType = wrapper.framework; name = UIKit.framework; path = System/Library/Frameworks/UIKit.framework; sourceTree = SDKROOT; };
		F4A39DFA180391DA00ABBB30 /* StoryboardScrollViewTest-Info.plist */ = {isa = PBXFileReference; lastKnownFileType = text.plist.xml; path = "StoryboardScrollViewTest-Info.plist"; sourceTree = "<group>"; };
		F4A39DFC180391DA00ABBB30 /* en */ = {isa = PBXFileReference; lastKnownFileType = text.plist.strings; name = en; path = en.lproj/InfoPlist.strings; sourceTree = "<group>"; };
		F4A39DFE180391DA00ABBB30 /* main.m */ = {isa = PBXFileReference; lastKnownFileType = sourcecode.c.objc; path = main.m; sourceTree = "<group>"; };
		F4A39E00180391DA00ABBB30 /* StoryboardScrollViewTest-Prefix.pch */ = {isa = PBXFileReference; lastKnownFileType = sourcecode.c.h; path = "StoryboardScrollViewTest-Prefix.pch"; sourceTree = "<group>"; };
		F4A39E01180391DA00ABBB30 /* AppDelegate.h */ = {isa = PBXFileReference; lastKnownFileType = sourcecode.c.h; path = AppDelegate.h; sourceTree = "<group>"; };
		F4A39E02180391DA00ABBB30 /* AppDelegate.m */ = {isa = PBXFileReference; lastKnownFileType = sourcecode.c.objc; path = AppDelegate.m; sourceTree = "<group>"; };
		F4A39E05180391DA00ABBB30 /* Base */ = {isa = PBXFileReference; lastKnownFileType = file.storyboard; name = Base; path = Base.lproj/Main.storyboard; sourceTree = "<group>"; };
		F4A39E07180391DA00ABBB30 /* ViewController.h */ = {isa = PBXFileReference; lastKnownFileType = sourcecode.c.h; path = ViewController.h; sourceTree = "<group>"; };
		F4A39E08180391DA00ABBB30 /* ViewController.m */ = {isa = PBXFileReference; lastKnownFileType = sourcecode.c.objc; path = ViewController.m; sourceTree = "<group>"; };
		F4A39E0A180391DA00ABBB30 /* Images.xcassets */ = {isa = PBXFileReference; lastKnownFileType = folder.assetcatalog; path = Images.xcassets; sourceTree = "<group>"; };
		F4A39E10180391DA00ABBB30 /* StoryboardScrollViewTestTests.xctest */ = {isa = PBXFileReference; explicitFileType = wrapper.cfbundle; includeInIndex = 0; path = StoryboardScrollViewTestTests.xctest; sourceTree = BUILT_PRODUCTS_DIR; };
		F4A39E11180391DA00ABBB30 /* XCTest.framework */ = {isa = PBXFileReference; lastKnownFileType = wrapper.framework; name = XCTest.framework; path = Library/Frameworks/XCTest.framework; sourceTree = DEVELOPER_DIR; };
		F4A39E19180391DA00ABBB30 /* StoryboardScrollViewTestTests-Info.plist */ = {isa = PBXFileReference; lastKnownFileType = text.plist.xml; path = "StoryboardScrollViewTestTests-Info.plist"; sourceTree = "<group>"; };
		F4A39E1B180391DA00ABBB30 /* en */ = {isa = PBXFileReference; lastKnownFileType = text.plist.strings; name = en; path = en.lproj/InfoPlist.strings; sourceTree = "<group>"; };
		F4A39E1D180391DA00ABBB30 /* StoryboardScrollViewTestTests.m */ = {isa = PBXFileReference; lastKnownFileType = sourcecode.c.objc; path = StoryboardScrollViewTestTests.m; sourceTree = "<group>"; };
/* End PBXFileReference section */

/* Begin PBXFrameworksBuildPhase section */
		F4A39DEC180391DA00ABBB30 /* Frameworks */ = {
			isa = PBXFrameworksBuildPhase;
			buildActionMask = 2147483647;
			files = (
				F4A39DF5180391DA00ABBB30 /* CoreGraphics.framework in Frameworks */,
				F4A39DF7180391DA00ABBB30 /* UIKit.framework in Frameworks */,
				F4A39DF3180391DA00ABBB30 /* Foundation.framework in Frameworks */,
			);
			runOnlyForDeploymentPostprocessing = 0;
		};
		F4A39E0D180391DA00ABBB30 /* Frameworks */ = {
			isa = PBXFrameworksBuildPhase;
			buildActionMask = 2147483647;
			files = (
				F4A39E12180391DA00ABBB30 /* XCTest.framework in Frameworks */,
				F4A39E14180391DA00ABBB30 /* UIKit.framework in Frameworks */,
				F4A39E13180391DA00ABBB30 /* Foundation.framework in Frameworks */,
			);
			runOnlyForDeploymentPostprocessing = 0;
		};
/* End PBXFrameworksBuildPhase section */

/* Begin PBXGroup section */
		F4A39DE6180391DA00ABBB30 = {
			isa = PBXGroup;
			children = (
				F4A39DF8180391DA00ABBB30 /* StoryboardScrollViewTest */,
				F4A39E17180391DA00ABBB30 /* StoryboardScrollViewTestTests */,
				F4A39DF1180391DA00ABBB30 /* Frameworks */,
				F4A39DF0180391DA00ABBB30 /* Products */,
			);
			sourceTree = "<group>";
		};
		F4A39DF0180391DA00ABBB30 /* Products */ = {
			isa = PBXGroup;
			children = (
				F4A39DEF180391DA00ABBB30 /* StoryboardScrollViewTest.app */,
				F4A39E10180391DA00ABBB30 /* StoryboardScrollViewTestTests.xctest */,
			);
			name = Products;
			sourceTree = "<group>";
		};
		F4A39DF1180391DA00ABBB30 /* Frameworks */ = {
			isa = PBXGroup;
			children = (
				F4A39DF2180391DA00ABBB30 /* Foundation.framework */,
				F4A39DF4180391DA00ABBB30 /* CoreGraphics.framework */,
				F4A39DF6180391DA00ABBB30 /* UIKit.framework */,
				F4A39E11180391DA00ABBB30 /* XCTest.framework */,
			);
			name = Frameworks;
			sourceTree = "<group>";
		};
		F4A39DF8180391DA00ABBB30 /* StoryboardScrollViewTest */ = {
			isa = PBXGroup;
			children = (
				F4A39E01180391DA00ABBB30 /* AppDelegate.h */,
				F4A39E02180391DA00ABBB30 /* AppDelegate.m */,
				F4A39E04180391DA00ABBB30 /* Main.storyboard */,
				F4A39E07180391DA00ABBB30 /* ViewController.h */,
				F4A39E08180391DA00ABBB30 /* ViewController.m */,
				F4A39E0A180391DA00ABBB30 /* Images.xcassets */,
				F4A39DF9180391DA00ABBB30 /* Supporting Files */,
			);
			path = StoryboardScrollViewTest;
			sourceTree = "<group>";
		};
		F4A39DF9180391DA00ABBB30 /* Supporting Files */ = {
			isa = PBXGroup;
			children = (
				F4A39DFA180391DA00ABBB30 /* StoryboardScrollViewTest-Info.plist */,
				F4A39DFB180391DA00ABBB30 /* InfoPlist.strings */,
				F4A39DFE180391DA00ABBB30 /* main.m */,
				F4A39E00180391DA00ABBB30 /* StoryboardScrollViewTest-Prefix.pch */,
			);
			name = "Supporting Files";
			sourceTree = "<group>";
		};
		F4A39E17180391DA00ABBB30 /* StoryboardScrollViewTestTests */ = {
			isa = PBXGroup;
			children = (
				F4A39E1D180391DA00ABBB30 /* StoryboardScrollViewTestTests.m */,
				F4A39E18180391DA00ABBB30 /* Supporting Files */,
			);
			path = StoryboardScrollViewTestTests;
			sourceTree = "<group>";
		};
		F4A39E18180391DA00ABBB30 /* Supporting Files */ = {
			isa = PBXGroup;
			children = (
				F4A39E19180391DA00ABBB30 /* StoryboardScrollViewTestTests-Info.plist */,
				F4A39E1A180391DA00ABBB30 /* InfoPlist.strings */,
			);
			name = "Supporting Files";
			sourceTree = "<group>";
		};
/* End PBXGroup section */

/* Begin PBXNativeTarget section */
		F4A39DEE180391DA00ABBB30 /* StoryboardScrollViewTest */ = {
			isa = PBXNativeTarget;
			buildConfigurationList = F4A39E21180391DA00ABBB30 /* Build configuration list for PBXNativeTarget "StoryboardScrollViewTest" */;
			buildPhases = (
				F4A39DEB180391DA00ABBB30 /* Sources */,
				F4A39DEC180391DA00ABBB30 /* Frameworks */,
				F4A39DED180391DA00ABBB30 /* Resources */,
			);
			buildRules = (
			);
			dependencies = (
			);
			name = StoryboardScrollViewTest;
			productName = StoryboardScrollViewTest;
			productReference = F4A39DEF180391DA00ABBB30 /* StoryboardScrollViewTest.app */;
			productType = "com.apple.product-type.application";
		};
		F4A39E0F180391DA00ABBB30 /* StoryboardScrollViewTestTests */ = {
			isa = PBXNativeTarget;
			buildConfigurationList = F4A39E24180391DA00ABBB30 /* Build configuration list for PBXNativeTarget "StoryboardScrollViewTestTests" */;
			buildPhases = (
				F4A39E0C180391DA00ABBB30 /* Sources */,
				F4A39E0D180391DA00ABBB30 /* Frameworks */,
				F4A39E0E180391DA00ABBB30 /* Resources */,
			);
			buildRules = (
			);
			dependencies = (
				F4A39E16180391DA00ABBB30 /* PBXTargetDependency */,
			);
			name = StoryboardScrollViewTestTests;
			productName = StoryboardScrollViewTestTests;
			productReference = F4A39E10180391DA00ABBB30 /* StoryboardScrollViewTestTests.xctest */;
			productType = "com.apple.product-type.bundle.unit-test";
		};
/* End PBXNativeTarget section */

/* Begin PBXProject section */
		F4A39DE7180391DA00ABBB30 /* Project object */ = {
			isa = PBXProject;
			attributes = {
				LastUpgradeCheck = 0500;
				ORGANIZATIONNAME = "Katsuhiro Masaki";
				TargetAttributes = {
					F4A39E0F180391DA00ABBB30 = {
						TestTargetID = F4A39DEE180391DA00ABBB30;
					};
				};
			};
			buildConfigurationList = F4A39DEA180391DA00ABBB30 /* Build configuration list for PBXProject "StoryboardScrollViewTest" */;
			compatibilityVersion = "Xcode 3.2";
			developmentRegion = English;
			hasScannedForEncodings = 0;
			knownRegions = (
				en,
				Base,
			);
			mainGroup = F4A39DE6180391DA00ABBB30;
			productRefGroup = F4A39DF0180391DA00ABBB30 /* Products */;
			projectDirPath = "";
			projectRoot = "";
			targets = (
				F4A39DEE180391DA00ABBB30 /* StoryboardScrollViewTest */,
				F4A39E0F180391DA00ABBB30 /* StoryboardScrollViewTestTests */,
			);
		};
/* End PBXProject section */

/* Begin PBXResourcesBuildPhase section */
		F4A39DED180391DA00ABBB30 /* Resources */ = {
			isa = PBXResourcesBuildPhase;
			buildActionMask = 2147483647;
			files = (
				F4A39E0B180391DA00ABBB30 /* Images.xcassets in Resources */,
				F4A39DFD180391DA00ABBB30 /* InfoPlist.strings in Resources */,
				F4A39E06180391DA00ABBB30 /* Main.storyboard in Resources */,
			);
			runOnlyForDeploymentPostprocessing = 0;
		};
		F4A39E0E180391DA00ABBB30 /* Resources */ = {
			isa = PBXResourcesBuildPhase;
			buildActionMask = 2147483647;
			files = (
				F4A39E1C180391DA00ABBB30 /* InfoPlist.strings in Resources */,
			);
			runOnlyForDeploymentPostprocessing = 0;
		};
/* End PBXResourcesBuildPhase section */

/* Begin PBXSourcesBuildPhase section */
		F4A39DEB180391DA00ABBB30 /* Sources */ = {
			isa = PBXSourcesBuildPhase;
			buildActionMask = 2147483647;
			files = (
				F4A39E09180391DA00ABBB30 /* ViewController.m in Sources */,
				F4A39E03180391DA00ABBB30 /* AppDelegate.m in Sources */,
				F4A39DFF180391DA00ABBB30 /* main.m in Sources */,
			);
			runOnlyForDeploymentPostprocessing = 0;
		};
		F4A39E0C180391DA00ABBB30 /* Sources */ = {
			isa = PBXSourcesBuildPhase;
			buildActionMask = 2147483647;
			files = (
				F4A39E1E180391DA00ABBB30 /* StoryboardScrollViewTestTests.m in Sources */,
			);
			runOnlyForDeploymentPostprocessing = 0;
		};
/* End PBXSourcesBuildPhase section */

/* Begin PBXTargetDependency section */
		F4A39E16180391DA00ABBB30 /* PBXTargetDependency */ = {
			isa = PBXTargetDependency;
			target = F4A39DEE180391DA00ABBB30 /* StoryboardScrollViewTest */;
			targetProxy = F4A39E15180391DA00ABBB30 /* PBXContainerItemProxy */;
		};
/* End PBXTargetDependency section */

/* Begin PBXVariantGroup section */
		F4A39DFB180391DA00ABBB30 /* InfoPlist.strings */ = {
			isa = PBXVariantGroup;
			children = (
				F4A39DFC180391DA00ABBB30 /* en */,
			);
			name = InfoPlist.strings;
			sourceTree = "<group>";
		};
		F4A39E04180391DA00ABBB30 /* Main.storyboard */ = {
			isa = PBXVariantGroup;
			children = (
				F4A39E05180391DA00ABBB30 /* Base */,
			);
			name = Main.storyboard;
			sourceTree = "<group>";
		};
		F4A39E1A180391DA00ABBB30 /* InfoPlist.strings */ = {
			isa = PBXVariantGroup;
			children = (
				F4A39E1B180391DA00ABBB30 /* en */,
			);
			name = InfoPlist.strings;
			sourceTree = "<group>";
		};
/* End PBXVariantGroup section */

/* Begin XCBuildConfiguration section */
		F4A39E1F180391DA00ABBB30 /* Debug */ = {
			isa = XCBuildConfiguration;
			buildSettings = {
				ALWAYS_SEARCH_USER_PATHS = NO;
				ARCHS = "$(ARCHS_STANDARD_INCLUDING_64_BIT)";
				CLANG_CXX_LANGUAGE_STANDARD = "gnu++0x";
				CLANG_CXX_LIBRARY = "libc++";
				CLANG_ENABLE_MODULES = YES;
				CLANG_ENABLE_OBJC_ARC = YES;
				CLANG_WARN_BOOL_CONVERSION = YES;
				CLANG_WARN_CONSTANT_CONVERSION = YES;
				CLANG_WARN_DIRECT_OBJC_ISA_USAGE = YES_ERROR;
				CLANG_WARN_EMPTY_BODY = YES;
				CLANG_WARN_ENUM_CONVERSION = YES;
				CLANG_WARN_INT_CONVERSION = YES;
				CLANG_WARN_OBJC_ROOT_CLASS = YES_ERROR;
				CLANG_WARN__DUPLICATE_METHOD_MATCH = YES;
				"CODE_SIGN_IDENTITY[sdk=iphoneos*]" = "iPhone Developer";
				COPY_PHASE_STRIP = NO;
				GCC_C_LANGUAGE_STANDARD = gnu99;
				GCC_DYNAMIC_NO_PIC = NO;
				GCC_OPTIMIZATION_LEVEL = 0;
				GCC_PREPROCESSOR_DEFINITIONS = (
					"DEBUG=1",
					"$(inherited)",
				);
				GCC_SYMBOLS_PRIVATE_EXTERN = NO;
				GCC_WARN_64_TO_32_BIT_CONVERSION = YES;
				GCC_WARN_ABOUT_RETURN_TYPE = YES_ERROR;
				GCC_WARN_UNDECLARED_SELECTOR = YES;
				GCC_WARN_UNINITIALIZED_AUTOS = YES;
				GCC_WARN_UNUSED_FUNCTION = YES;
				GCC_WARN_UNUSED_VARIABLE = YES;
				IPHONEOS_DEPLOYMENT_TARGET = 7.0;
				ONLY_ACTIVE_ARCH = YES;
				SDKROOT = iphoneos;
			};
			name = Debug;
		};
		F4A39E20180391DA00ABBB30 /* Release */ = {
			isa = XCBuildConfiguration;
			buildSettings = {
				ALWAYS_SEARCH_USER_PATHS = NO;
				ARCHS = "$(ARCHS_STANDARD_INCLUDING_64_BIT)";
				CLANG_CXX_LANGUAGE_STANDARD = "gnu++0x";
				CLANG_CXX_LIBRARY = "libc++";
				CLANG_ENABLE_MODULES = YES;
				CLANG_ENABLE_OBJC_ARC = YES;
				CLANG_WARN_BOOL_CONVERSION = YES;
				CLANG_WARN_CONSTANT_CONVERSION = YES;
				CLANG_WARN_DIRECT_OBJC_ISA_USAGE = YES_ERROR;
				CLANG_WARN_EMPTY_BODY = YES;
				CLANG_WARN_ENUM_CONVERSION = YES;
				CLANG_WARN_INT_CONVERSION = YES;
				CLANG_WARN_OBJC_ROOT_CLASS = YES_ERROR;
				CLANG_WARN__DUPLICATE_METHOD_MATCH = YES;
				"CODE_SIGN_IDENTITY[sdk=iphoneos*]" = "iPhone Developer";
				COPY_PHASE_STRIP = YES;
				ENABLE_NS_ASSERTIONS = NO;
				GCC_C_LANGUAGE_STANDARD = gnu99;
				GCC_WARN_64_TO_32_BIT_CONVERSION = YES;
				GCC_WARN_ABOUT_RETURN_TYPE = YES_ERROR;
				GCC_WARN_UNDECLARED_SELECTOR = YES;
				GCC_WARN_UNINITIALIZED_AUTOS = YES;
				GCC_WARN_UNUSED_FUNCTION = YES;
				GCC_WARN_UNUSED_VARIABLE = YES;
				IPHONEOS_DEPLOYMENT_TARGET = 7.0;
				SDKROOT = iphoneos;
				VALIDATE_PRODUCT = YES;
			};
			name = Release;
		};
		F4A39E22180391DA00ABBB30 /* Debug */ = {
			isa = XCBuildConfiguration;
			buildSettings = {
				ASSETCATALOG_COMPILER_APPICON_NAME = AppIcon;
				ASSETCATALOG_COMPILER_LAUNCHIMAGE_NAME = LaunchImage;
				GCC_PRECOMPILE_PREFIX_HEADER = YES;
				GCC_PREFIX_HEADER = "StoryboardScrollViewTest/StoryboardScrollViewTest-Prefix.pch";
				INFOPLIST_FILE = "StoryboardScrollViewTest/StoryboardScrollViewTest-Info.plist";
				PRODUCT_NAME = "$(TARGET_NAME)";
				WRAPPER_EXTENSION = app;
			};
			name = Debug;
		};
		F4A39E23180391DA00ABBB30 /* Release */ = {
			isa = XCBuildConfiguration;
			buildSettings = {
				ASSETCATALOG_COMPILER_APPICON_NAME = AppIcon;
				ASSETCATALOG_COMPILER_LAUNCHIMAGE_NAME = LaunchImage;
				GCC_PRECOMPILE_PREFIX_HEADER = YES;
				GCC_PREFIX_HEADER = "StoryboardScrollViewTest/StoryboardScrollViewTest-Prefix.pch";
				INFOPLIST_FILE = "StoryboardScrollViewTest/StoryboardScrollViewTest-Info.plist";
				PRODUCT_NAME = "$(TARGET_NAME)";
				WRAPPER_EXTENSION = app;
			};
			name = Release;
		};
		F4A39E25180391DA00ABBB30 /* Debug */ = {
			isa = XCBuildConfiguration;
			buildSettings = {
				ARCHS = "$(ARCHS_STANDARD_INCLUDING_64_BIT)";
				BUNDLE_LOADER = "$(BUILT_PRODUCTS_DIR)/StoryboardScrollViewTest.app/StoryboardScrollViewTest";
				FRAMEWORK_SEARCH_PATHS = (
					"$(SDKROOT)/Developer/Library/Frameworks",
					"$(inherited)",
					"$(DEVELOPER_FRAMEWORKS_DIR)",
				);
				GCC_PRECOMPILE_PREFIX_HEADER = YES;
				GCC_PREFIX_HEADER = "StoryboardScrollViewTest/StoryboardScrollViewTest-Prefix.pch";
				GCC_PREPROCESSOR_DEFINITIONS = (
					"DEBUG=1",
					"$(inherited)",
				);
				INFOPLIST_FILE = "StoryboardScrollViewTestTests/StoryboardScrollViewTestTests-Info.plist";
				PRODUCT_NAME = "$(TARGET_NAME)";
				TEST_HOST = "$(BUNDLE_LOADER)";
				WRAPPER_EXTENSION = xctest;
			};
			name = Debug;
		};
		F4A39E26180391DA00ABBB30 /* Release */ = {
			isa = XCBuildConfiguration;
			buildSettings = {
				ARCHS = "$(ARCHS_STANDARD_INCLUDING_64_BIT)";
				BUNDLE_LOADER = "$(BUILT_PRODUCTS_DIR)/StoryboardScrollViewTest.app/StoryboardScrollViewTest";
				FRAMEWORK_SEARCH_PATHS = (
					"$(SDKROOT)/Developer/Library/Frameworks",
					"$(inherited)",
					"$(DEVELOPER_FRAMEWORKS_DIR)",
				);
				GCC_PRECOMPILE_PREFIX_HEADER = YES;
				GCC_PREFIX_HEADER = "StoryboardScrollViewTest/StoryboardScrollViewTest-Prefix.pch";
				INFOPLIST_FILE = "StoryboardScrollViewTestTests/StoryboardScrollViewTestTests-Info.plist";
				PRODUCT_NAME = "$(TARGET_NAME)";
				TEST_HOST = "$(BUNDLE_LOADER)";
				WRAPPER_EXTENSION = xctest;
			};
			name = Release;
		};
/* End XCBuildConfiguration section */

/* Begin XCConfigurationList section */
		F4A39DEA180391DA00ABBB30 /* Build configuration list for PBXProject "StoryboardScrollViewTest" */ = {
			isa = XCConfigurationList;
			buildConfigurations = (
				F4A39E1F180391DA00ABBB30 /* Debug */,
				F4A39E20180391DA00ABBB30 /* Release */,
			);
			defaultConfigurationIsVisible = 0;
			defaultConfigurationName = Release;
		};
		F4A39E21180391DA00ABBB30 /* Build configuration list for PBXNativeTarget "StoryboardScrollViewTest" */ = {
			isa = XCConfigurationList;
			buildConfigurations = (
				F4A39E22180391DA00ABBB30 /* Debug */,
				F4A39E23180391DA00ABBB30 /* Release */,
			);
			defaultConfigurationIsVisible = 0;
		};
		F4A39E24180391DA00ABBB30 /* Build configuration list for PBXNativeTarget "StoryboardScrollViewTestTests" */ = {
			isa = XCConfigurationList;
			buildConfigurations = (
				F4A39E25180391DA00ABBB30 /* Debug */,
				F4A39E26180391DA00ABBB30 /* Release */,
			);
			defaultConfigurationIsVisible = 0;
		};
/* End XCConfigurationList section */
	};
	rootObject = F4A39DE7180391DA00ABBB30 /* Project object */;
}
